
Microsoft Visual Studio Solution File, Format Version 12.00
# Visual Studio 2013
VisualStudioVersion = 12.0.21005.1
MinimumVisualStudioVersion = 10.0.40219.1
Project("{FAE04EC0-301F-11D3-BF4B-00C04F79EFBC}") = "K142115_IPT_Assignment_3", "K142115_IPT_Assignment_3\K142115_IPT_Assignment_3.csproj", "{752FAB02-34D3-42B2-B4F3-FF1296E170D9}"
EndProject
Global
	GlobalSection(SolutionConfigurationPlatforms) = preSolution
		Debug|Any CPU = Debug|Any CPU
		Release|Any CPU = Release|Any CPU
	EndGlobalSection
	GlobalSection(ProjectConfigurationPlatforms) = postSolution
		{752FAB02-34D3-42B2-B4F3-FF1296E170D9}.Debug|Any CPU.ActiveCfg = Debug|Any CPU
		{752FAB02-34D3-42B2-B4F3-FF1296E170D9}.Debug|Any CPU.Build.0 = Debug|Any CPU
		{752FAB02-34D3-42B2-B4F3-FF1296E170D9}.Release|Any CPU.ActiveCfg = Release|Any CPU
		{752FAB02-34D3-42B2-B4F3-FF1296E170D9}.Release|Any CPU.Build.0 = Release|Any CPU
	EndGlobalSection
	GlobalSection(SolutionProperties) = preSolution
		HideSolutionNode = FALSE
	EndGlobalSection
EndGlobal
